
Microsoft Visual Studio Solution File, Format Version 12.00
# Visual Studio Version 17
VisualStudioVersion = 17.6.33723.286
MinimumVisualStudioVersion = 10.0.40219.1
Project("{8BC9CEB8-8B4A-11D0-8D11-00A0C91BC942}") = "Cleanup", "Cleanup\Cleanup.vcxproj", "{9ED8BE7C-8269-4BB8-AFAA-1B6881496C83}"
EndProject
Global
	GlobalSection(SolutionConfigurationPlatforms) = preSolution
		Debug|x64 = Debug|x64
		Debug|x86 = Debug|x86
		Release|x64 = Release|x64
		Release|x86 = Release|x86
	EndGlobalSection
	GlobalSection(ProjectConfigurationPlatforms) = postSolution
		{9ED8BE7C-8269-4BB8-AFAA-1B6881496C83}.Debug|x64.ActiveCfg = Debug|x64
		{9ED8BE7C-8269-4BB8-AFAA-1B6881496C83}.Debug|x64.Build.0 = Debug|x64
		{9ED8BE7C-8269-4BB8-AFAA-1B6881496C83}.Debug|x86.ActiveCfg = Debug|Win32
		{9ED8BE7C-8269-4BB8-AFAA-1B6881496C83}.Debug|x86.Build.0 = Debug|Win32
		{9ED8BE7C-8269-4BB8-AFAA-1B6881496C83}.Release|x64.ActiveCfg = Release|x64
		{9ED8BE7C-8269-4BB8-AFAA-1B6881496C83}.Release|x64.Build.0 = Release|x64
		{9ED8BE7C-8269-4BB8-AFAA-1B6881496C83}.Release|x86.ActiveCfg = Release|Win32
		{9ED8BE7C-8269-4BB8-AFAA-1B6881496C83}.Release|x86.Build.0 = Release|Win32
	EndGlobalSection
	GlobalSection(SolutionProperties) = preSolution
		HideSolutionNode = FALSE
	EndGlobalSection
	GlobalSection(ExtensibilityGlobals) = postSolution
		SolutionGuid = {9C8D5617-C728-4A48-B59B-956257054003}
	EndGlobalSection
EndGlobal
